{
  "version": 2,
  "dependencies": {
    "net10.0": {
      "GitHubActionsTestLogger": {
        "type": "Direct",
        "requested": "[3.0.4, )",
        "resolved": "3.0.4",
        "contentHash": "24fDBf5g5KuyeK9OIu4z0zIkOu6DE3JCmRP+NyNGL3PVmd2Yls8sR8dC1/j34t2tZQS/0arQs7GZTmwWYk4qbQ=="
      },
      "Microsoft.CodeAnalysis.Analyzers": {
        "type": "Direct",
        "requested": "[4.14.0, )",
        "resolved": "4.14.0",
        "contentHash": "fCj+MzjJxN/4iYAz7JPLONGKeTomaZNzx4UgGA0AerTrx4Ou6Rw2J5YF4V51vWW+aSQSCv1nnAkCZUw5Z9+3zw=="
      },
      "Microsoft.CodeAnalysis.CSharp": {
        "type": "Direct",
        "requested": "[4.14.0, )",
        "resolved": "4.14.0",
        "contentHash": "568a6wcTivauIhbeWcCwfWwIn7UV7MeHEBvFB2uzGIpM2OhJ4eM/FZ8KS0yhPoNxnSpjGzz7x7CIjTxhslojQA==",
        "dependencies": {
          "Microsoft.CodeAnalysis.Analyzers": "3.11.0",
          "Microsoft.CodeAnalysis.Common": "[4.14.0]"
        }
      },
      "Microsoft.Testing.Extensions.CodeCoverage": {
        "type": "Direct",
        "requested": "[18.6.2, )",
        "resolved": "18.6.2",
        "contentHash": "vRDhB96XQyVdYFp4cQZOMz/lx0okfCdzTXPxGiuFhKx2yUL0FT/skTpnTv+7x13+tjNOcT39i2Ln3BYtslzf2w==",
        "dependencies": {
          "Microsoft.DiaSymReader": "2.2.5",
          "Microsoft.Extensions.DependencyModel": "8.0.2",
          "Microsoft.Testing.Platform": "2.1.0"
        }
      },
      "Microsoft.Testing.Extensions.CrashDump": {
        "type": "Direct",
        "requested": "[2.2.2, )",
        "resolved": "2.2.2",
        "contentHash": "xRLrgZBqHaNyM5paxE/MUXgN0uOqtOia8l4uF8zL1EYVN7ouyLAmVFfdhRfpyympQzLsodQrsN40grMkxYX25g==",
        "dependencies": {
          "Microsoft.Testing.Extensions.TrxReport.Abstractions": "2.2.2",
          "Microsoft.Testing.Platform": "2.2.2"
        }
      },
      "Microsoft.Testing.Extensions.HangDump": {
        "type": "Direct",
        "requested": "[2.2.2, )",
        "resolved": "2.2.2",
        "contentHash": "AA7TkQYO29dkxdh6RNfJRyOO3dTarMYdWi26JphMzaswVftdjJ0u4+1AxPX9YwgcYlNsAzOaza/gv7Tswl9F+A==",
        "dependencies": {
          "Microsoft.Diagnostics.NETCore.Client": "0.2.607501",
          "Microsoft.Testing.Platform": "2.2.2"
        }
      },
      "TUnit": {
        "type": "Direct",
        "requested": "[1.43.41, )",
        "resolved": "1.43.41",
        "contentHash": "8Ih1GYseTLmDZdQqDipUK4mkA/gGpqOqCnHL7jOYtQx0a1B3PwjFwj8WPX0p5OyJQkqPgdui+/1Khr2I5CZb1w==",
        "dependencies": {
          "Microsoft.Testing.Extensions.CodeCoverage": "18.6.2",
          "Microsoft.Testing.Extensions.Telemetry": "2.2.2",
          "Microsoft.Testing.Extensions.TrxReport": "2.2.2",
          "TUnit.Assertions": "1.43.41",
          "TUnit.Engine": "1.43.41"
        }
      },
      "Verify.SourceGenerators": {
        "type": "Direct",
        "requested": "[2.5.0, )",
        "resolved": "2.5.0",
        "contentHash": "XhAg+fJDPXDH7Ajv/J4Hv8ls0zoeK0LqjZIiOT+quwxOqdplcTuqdPx1+4p1qvYzpTdwkLxyGiIA76MzCljyAQ==",
        "dependencies": {
          "Verify": "26.5.0"
        }
      },
      "Verify.TUnit": {
        "type": "Direct",
        "requested": "[31.16.3, )",
        "resolved": "31.16.3",
        "contentHash": "mY5Y/LRuJt83ny5uk4G4ySWt1gikwEF02kuEsWG0tyQx8bLlJI7BrmIfhJzplX3QFIBg7R2syxqS6a6oP4mluw==",
        "dependencies": {
          "Argon": "0.33.5",
          "DiffEngine": "19.2.0",
          "SimpleInfoName": "3.2.0",
          "TUnit.Core": "1.43.11",
          "Verify": "31.16.3"
        }
      },
      "Argon": {
        "type": "Transitive",
        "resolved": "0.33.5",
        "contentHash": "J6821zxO+EqMzO9C/V5uiWc2eBGyzN7Z8Z0xq3Q1/e6IxYcHDA32OgiZX5/7/f8rVPQQa7aYtm6f0UfnrgKNBg=="
      },
      "DiffEngine": {
        "type": "Transitive",
        "resolved": "19.2.0",
        "contentHash": "T6LKWC+YPNswK8hgZ+kYqsIeS75qd2loAFbyopOoLwN0zK/MIEGjKMdIIF46slQfDIveZU5Rj8Ur4lUxnXdahQ==",
        "dependencies": {
          "EmptyFiles": "8.18.1"
        }
      },
      "EmptyFiles": {
        "type": "Transitive",
        "resolved": "8.18.1",
        "contentHash": "5gA7ICU+CafaHJLbrL/lOEABwkmXS6089WoCbn+NkIul2ATAGGzQsD4cXOFmYmQp6b9Jd/f4bb2EK+14dY75Pw=="
      },
      "EnumerableAsyncProcessor": {
        "type": "Transitive",
        "resolved": "3.8.4",
        "contentHash": "KlbpupRCz3Kf+P7gsiDvFXJ980i/9lfihMZFmmxIk0Gf6mopEjy74OTJZmdaKDQpE29eQDBnMZB5khyW3eugrg=="
      },
      "Microsoft.ApplicationInsights": {
        "type": "Transitive",
        "resolved": "2.23.0",
        "contentHash": "nWArUZTdU7iqZLycLKWe0TDms48KKGE6pONH2terYNa8REXiqixrMOkf1sk5DHGMaUTqONU2YkS4SAXBhLStgw=="
      },
      "Microsoft.CodeAnalysis.Common": {
        "type": "Transitive",
        "resolved": "4.14.0",
        "contentHash": "PC3tuwZYnC+idaPuoC/AZpEdwrtX7qFpmnrfQkgobGIWiYmGi5MCRtl5mx6QrfMGQpK78X2lfIEoZDLg/qnuHg==",
        "dependencies": {
          "Microsoft.CodeAnalysis.Analyzers": "3.11.0"
        }
      },
      "Microsoft.Diagnostics.NETCore.Client": {
        "type": "Transitive",
        "resolved": "0.2.607501",
        "contentHash": "17Yxzao41A1oZZ5lCCAnnXOy9up5i/GVEGazBjJAUZ4UISsNAotUt6h7zvCDgfKIC46CD7jszgLzLZoscSIJQA==",
        "dependencies": {
          "Microsoft.Extensions.Logging.Abstractions": "6.0.4"
        }
      },
      "Microsoft.DiaSymReader": {
        "type": "Transitive",
        "resolved": "2.2.5",
        "contentHash": "Cq0DLpL8oQmXX3EUCClAYWDBy7Nf3Km6kmUw/eYWlYcTeC3g3Nekd/Z/ldsiy+Oi3xboanlQV9oaVCkgdLEhOQ=="
      },
      "Microsoft.Extensions.DependencyModel": {
        "type": "Transitive",
        "resolved": "8.0.2",
        "contentHash": "mUBDZZRgZrSyFOsJ2qJJ9fXfqd/kXJwf3AiDoqLD9m6TjY5OO/vLNOb9fb4juC0487eq4hcGN/M2Rh/CKS7QYw=="
      },
      "Microsoft.Extensions.Logging.Abstractions": {
        "type": "Transitive",
        "resolved": "6.0.4",
        "contentHash": "K14wYgwOfKVELrUh5eBqlC8Wvo9vvhS3ZhIvcswV2uS/ubkTRPSQsN557EZiYUSSoZNxizG+alN4wjtdyLdcyw=="
      },
      "Microsoft.Testing.Extensions.Telemetry": {
        "type": "Transitive",
        "resolved": "2.2.2",
        "contentHash": "qKRghdaDiC88N1s3LDJO7zW74QNZu/ErnTxuG7R9u9UORn6pTwdqbi7X+eY4UQb+7YV2gR2yz8eRelvOWQVxhA==",
        "dependencies": {
          "Microsoft.ApplicationInsights": "2.23.0",
          "Microsoft.Testing.Platform": "2.2.2"
        }
      },
      "Microsoft.Testing.Extensions.TrxReport": {
        "type": "Transitive",
        "resolved": "2.2.2",
        "contentHash": "iEp69l8C0OlEnqUgZVoh621PrFIbaIbhjShUkW9pgPwH1GGLawLbi7cW1wyzLxZLI3jVSuKqV/JbSFz8Ael7Kg==",
        "dependencies": {
          "Microsoft.Testing.Extensions.TrxReport.Abstractions": "2.2.2",
          "Microsoft.Testing.Platform": "2.2.2"
        }
      },
      "Microsoft.Testing.Extensions.TrxReport.Abstractions": {
        "type": "Transitive",
        "resolved": "2.2.2",
        "contentHash": "MuOC3Be70FPysaPxaO0f3GFoXU49UwnKCVDWfFrOZ93h955KZ6MKiJ6vwt/2r4e1wkLDoJFbkQzi/MNbpe4oXQ==",
        "dependencies": {
          "Microsoft.Testing.Platform": "2.2.2"
        }
      },
      "Microsoft.Testing.Platform": {
        "type": "Transitive",
        "resolved": "2.2.2",
        "contentHash": "9mUsTOri0aVqBX7/EJwqVJxVwdOzGUVJqK1H2EMfIl9xxJuSdqhfAlJbukl/iNugvi4+cmQs/LI8PLTDUT9P1A=="
      },
      "Microsoft.Testing.Platform.MSBuild": {
        "type": "Transitive",
        "resolved": "2.2.2",
        "contentHash": "acgkTLYA8C39oe5b5ISmydBshR0XO6v8z3/CXAsLmPQ3xAiomHuPoTAgY28tjQLcwPZOu4GX034BXWvmsVpzIg==",
        "dependencies": {
          "Microsoft.Testing.Platform": "2.2.2"
        }
      },
      "SimpleInfoName": {
        "type": "Transitive",
        "resolved": "3.2.0",
        "contentHash": "K8ivHRbPWfncijk62Dan/r/z55gwq3aFzqB6yFlD9X0bbpIaacHyHH2cpcIdz0FECUpERUZTwxts0z4gRWpQpA=="
      },
      "TUnit.Assertions": {
        "type": "Transitive",
        "resolved": "1.43.41",
        "contentHash": "cB/d8oRBybGjBBnqjCK2zR3fjF5Hw0tFzukiFgjPi2ETZWeGOt1qD+dHsD1LBbI6U6KhQrrUv911GvvGqLwVxA=="
      },
      "TUnit.Core": {
        "type": "Transitive",
        "resolved": "1.43.41",
        "contentHash": "ES525yEghpJIgJtcA99wHDU4G6X87QkJkipktQDcardycJ1WePn4lJTmOLLWHsja0qSa9ksA6zb76fZN2pPeog=="
      },
      "TUnit.Engine": {
        "type": "Transitive",
        "resolved": "1.43.41",
        "contentHash": "ArKsF8ujuwlK0uNTC/9Z0ud6/6BTsh53P3h2ocjfl2P7tY4XFa93NGPn1+0zrwVJxw4OxLi9dFiYO+OgUQ+vCA==",
        "dependencies": {
          "EnumerableAsyncProcessor": "3.8.4",
          "Microsoft.Testing.Extensions.TrxReport.Abstractions": "2.2.2",
          "Microsoft.Testing.Platform": "2.2.2",
          "Microsoft.Testing.Platform.MSBuild": "2.2.2",
          "TUnit.Core": "1.43.41"
        }
      },
      "Verify": {
        "type": "Transitive",
        "resolved": "31.16.3",
        "contentHash": "LFnFMnVq1l3YFGSFTYxvbwLVK/OZUZMjloHJ/hlezdXGLKBC77uZ9XK51lQJF/7wkyJoQ2xWil1OUoGEkp3HQw==",
        "dependencies": {
          "Argon": "0.33.5",
          "DiffEngine": "19.2.0",
          "SimpleInfoName": "3.2.0"
        }
      },
      "buildergenerator": {
        "type": "Project",
        "dependencies": {
          "Microsoft.Bcl.HashCode": "[6.0.0, )"
        }
      },
      "Microsoft.Bcl.HashCode": {
        "type": "CentralTransitive",
        "requested": "[6.0.0, )",
        "resolved": "6.0.0",
        "contentHash": "GI4jcoi6eC9ZhNOQylIBaWOQjyGaR8T6N3tC1u8p3EXfndLCVNNWa+Zp+ocjvvS3kNBN09Zma2HXL0ezO0dRfw=="
      }
    },
    "net10.0/linux-x64": {
      "Microsoft.Testing.Extensions.CodeCoverage": {
        "type": "Direct",
        "requested": "[18.6.2, )",
        "resolved": "18.6.2",
        "contentHash": "vRDhB96XQyVdYFp4cQZOMz/lx0okfCdzTXPxGiuFhKx2yUL0FT/skTpnTv+7x13+tjNOcT39i2Ln3BYtslzf2w==",
        "dependencies": {
          "Microsoft.DiaSymReader": "2.2.5",
          "Microsoft.Extensions.DependencyModel": "8.0.2",
          "Microsoft.Testing.Platform": "2.1.0"
        }
      }
    },
    "net10.0/win-x64": {
      "Microsoft.Testing.Extensions.CodeCoverage": {
        "type": "Direct",
        "requested": "[18.6.2, )",
        "resolved": "18.6.2",
        "contentHash": "vRDhB96XQyVdYFp4cQZOMz/lx0okfCdzTXPxGiuFhKx2yUL0FT/skTpnTv+7x13+tjNOcT39i2Ln3BYtslzf2w==",
        "dependencies": {
          "Microsoft.DiaSymReader": "2.2.5",
          "Microsoft.Extensions.DependencyModel": "8.0.2",
          "Microsoft.Testing.Platform": "2.1.0"
        }
      }
    }
  }
}