{
  "version": 2,
  "dependencies": {
    "net10.0": {
      "GitHubActionsTestLogger": {
        "type": "Direct",
        "requested": "[3.0.1, )",
        "resolved": "3.0.1",
        "contentHash": "HCfw7V1yuKxnm89vVKrb8b6aug96PUgxN9Z0YthEFCR8JOfTJF4XcU1i6RX2eEB08p3zriuFIG7BGXns4PyE8Q=="
      },
      "Microsoft.CodeAnalysis.Analyzers": {
        "type": "Direct",
        "requested": "[4.14.0, )",
        "resolved": "4.14.0",
        "contentHash": "fCj+MzjJxN/4iYAz7JPLONGKeTomaZNzx4UgGA0AerTrx4Ou6Rw2J5YF4V51vWW+aSQSCv1nnAkCZUw5Z9+3zw=="
      },
      "Microsoft.CodeAnalysis.CSharp": {
        "type": "Direct",
        "requested": "[4.14.0, )",
        "resolved": "4.14.0",
        "contentHash": "568a6wcTivauIhbeWcCwfWwIn7UV7MeHEBvFB2uzGIpM2OhJ4eM/FZ8KS0yhPoNxnSpjGzz7x7CIjTxhslojQA==",
        "dependencies": {
          "Microsoft.CodeAnalysis.Analyzers": "3.11.0",
          "Microsoft.CodeAnalysis.Common": "[4.14.0]"
        }
      },
      "Microsoft.Testing.Extensions.CodeCoverage": {
        "type": "Direct",
        "requested": "[18.1.0, )",
        "resolved": "18.1.0",
        "contentHash": "FJUCocHSPSjbeoGE/OojOhVUXwDng3VdNlwqzif9hMS2eFcG0f8RdjLM537aBsjP7zLHvGnWXbnUnc61v/EFCA==",
        "dependencies": {
          "Microsoft.DiaSymReader": "2.0.0",
          "Microsoft.Extensions.DependencyModel": "6.0.2",
          "Microsoft.Testing.Platform": "2.0.0"
        }
      },
      "Microsoft.Testing.Extensions.CrashDump": {
        "type": "Direct",
        "requested": "[2.0.2, )",
        "resolved": "2.0.2",
        "contentHash": "7GsXe5rK80DPprS0wsf/unm234ukeVUMQ9Vkyn/csbY5VKwpZajgnOHGA6GwW0poJZeBmmGv0lTvUN7zd5Fi/g==",
        "dependencies": {
          "Microsoft.Testing.Extensions.TrxReport.Abstractions": "2.0.2",
          "Microsoft.Testing.Platform": "2.0.2"
        }
      },
      "Microsoft.Testing.Extensions.HangDump": {
        "type": "Direct",
        "requested": "[2.0.2, )",
        "resolved": "2.0.2",
        "contentHash": "0pTEwVjfIej0s8D+uwvzBs3uxMHS0i0Al+Qq9Qo7E2oeazMJRhiOgO1k3IWe9FKNrQ/rZeejd3YGSv+WmyIwYQ==",
        "dependencies": {
          "Microsoft.Diagnostics.NETCore.Client": "0.2.607501",
          "Microsoft.Testing.Platform": "2.0.2"
        }
      },
      "TUnit": {
        "type": "Direct",
        "requested": "[1.6.20, )",
        "resolved": "1.6.20",
        "contentHash": "qwTLE/5znCoEXd4vNTUqXpn56cGLm+RgCkdnbAp4YVQIl6bkRO4ZIMKQwrwlvzZWFyS2ZqEAS2NRI2+6qF/2vQ==",
        "dependencies": {
          "Microsoft.Testing.Extensions.CodeCoverage": "18.1.0",
          "Microsoft.Testing.Extensions.TrxReport": "2.0.2",
          "TUnit.Assertions": "1.6.20",
          "TUnit.Engine": "1.6.20"
        }
      },
      "Verify.SourceGenerators": {
        "type": "Direct",
        "requested": "[2.5.0, )",
        "resolved": "2.5.0",
        "contentHash": "XhAg+fJDPXDH7Ajv/J4Hv8ls0zoeK0LqjZIiOT+quwxOqdplcTuqdPx1+4p1qvYzpTdwkLxyGiIA76MzCljyAQ==",
        "dependencies": {
          "Verify": "26.5.0"
        }
      },
      "Verify.TUnit": {
        "type": "Direct",
        "requested": "[31.9.0, )",
        "resolved": "31.9.0",
        "contentHash": "VElkmEMQlC4cH2yQ4Y/191f4mjIN8LJ5G1w6fC8Izv/LOyNta2vuHnkC5KeZpva2edWvwOWvlzyTEo10TtGHGw==",
        "dependencies": {
          "Argon": "0.33.0",
          "DiffEngine": "18.0.0",
          "SimpleInfoName": "3.1.2",
          "TUnit.Core": "1.5.60",
          "Verify": "31.9.0"
        }
      },
      "Argon": {
        "type": "Transitive",
        "resolved": "0.33.0",
        "contentHash": "4MIj5MosLqRlKAz16Ir5rz1gyocC6npJGGXqkTIIVby0yPYKk56Lm9X5tEQv6MbStLUOv3aDfya6FKAqcRhxTA=="
      },
      "DiffEngine": {
        "type": "Transitive",
        "resolved": "18.0.0",
        "contentHash": "ecUmReBkj6ptmwDFlZsGDpVtP9x3CLVqDiIPlXGrxH7s66wJt5/5rBUtWCS5JWMp0GR8p99NtQMUMKmNd5fM5A==",
        "dependencies": {
          "EmptyFiles": "8.17.1"
        }
      },
      "EmptyFiles": {
        "type": "Transitive",
        "resolved": "8.17.1",
        "contentHash": "pVmxBQer9yeFhYg6X27YMB/RDxYT99ms5QD8IT2KTj/WzygRtWZ0l7jlk4I4aAztNT7QjvHQ6tQ1/ox07C552A=="
      },
      "EnumerableAsyncProcessor": {
        "type": "Transitive",
        "resolved": "3.8.4",
        "contentHash": "KlbpupRCz3Kf+P7gsiDvFXJ980i/9lfihMZFmmxIk0Gf6mopEjy74OTJZmdaKDQpE29eQDBnMZB5khyW3eugrg=="
      },
      "Microsoft.CodeAnalysis.Common": {
        "type": "Transitive",
        "resolved": "4.14.0",
        "contentHash": "PC3tuwZYnC+idaPuoC/AZpEdwrtX7qFpmnrfQkgobGIWiYmGi5MCRtl5mx6QrfMGQpK78X2lfIEoZDLg/qnuHg==",
        "dependencies": {
          "Microsoft.CodeAnalysis.Analyzers": "3.11.0"
        }
      },
      "Microsoft.Diagnostics.NETCore.Client": {
        "type": "Transitive",
        "resolved": "0.2.607501",
        "contentHash": "17Yxzao41A1oZZ5lCCAnnXOy9up5i/GVEGazBjJAUZ4UISsNAotUt6h7zvCDgfKIC46CD7jszgLzLZoscSIJQA==",
        "dependencies": {
          "Microsoft.Extensions.Logging.Abstractions": "6.0.4"
        }
      },
      "Microsoft.DiaSymReader": {
        "type": "Transitive",
        "resolved": "2.0.0",
        "contentHash": "QcZrCETsBJqy/vQpFtJc+jSXQ0K5sucQ6NUFbTNVHD4vfZZOwjZ/3sBzczkC4DityhD3AVO/+K/+9ioLs1AgRA=="
      },
      "Microsoft.Extensions.DependencyModel": {
        "type": "Transitive",
        "resolved": "6.0.2",
        "contentHash": "HS5YsudCGSVoCVdsYJ5FAO9vx0z04qSAXgVzpDJSQ1/w/X9q8hrQVGU2p+Yfui+2KcXLL+Zjc0SX3yJWtBmYiw=="
      },
      "Microsoft.Extensions.Logging.Abstractions": {
        "type": "Transitive",
        "resolved": "6.0.4",
        "contentHash": "K14wYgwOfKVELrUh5eBqlC8Wvo9vvhS3ZhIvcswV2uS/ubkTRPSQsN557EZiYUSSoZNxizG+alN4wjtdyLdcyw=="
      },
      "Microsoft.Testing.Extensions.TrxReport": {
        "type": "Transitive",
        "resolved": "2.0.2",
        "contentHash": "6Tz2wZTNH/3hiskarOM5X9JaHV0QpIdIvEiLv6BJeJvtPS6AY+S47rg4K+czGSjQTkIgu5kT9SgZOwbfdhDD9Q==",
        "dependencies": {
          "Microsoft.Testing.Extensions.TrxReport.Abstractions": "2.0.2",
          "Microsoft.Testing.Platform": "2.0.2"
        }
      },
      "Microsoft.Testing.Extensions.TrxReport.Abstractions": {
        "type": "Transitive",
        "resolved": "2.0.2",
        "contentHash": "MrHYdPZ1CiyYp5bfjzNSghfVwl/I9osMazcZMAbwZY0BhR32i70YLf4zSXECvU2qt2PvDdrjYpGRgBscFbjDpw==",
        "dependencies": {
          "Microsoft.Testing.Platform": "2.0.2"
        }
      },
      "Microsoft.Testing.Platform": {
        "type": "Transitive",
        "resolved": "2.0.2",
        "contentHash": "43NCOTEENtdc9fmlzX9KHQR14AZEYek5r4jOJlWPhTyV1+aYAQYl4x773nYXU5TKxV6+rMuniJ7wcj9C9qrP1A=="
      },
      "Microsoft.Testing.Platform.MSBuild": {
        "type": "Transitive",
        "resolved": "2.0.2",
        "contentHash": "2zKkQKaUoaKgb/3AekboWOdLMh4upCo1nLWQnjGzp8r9YjiNOZRrzTsJQ3A4U03AcbH0evlIvFDKYSUqmTVuug==",
        "dependencies": {
          "Microsoft.Testing.Platform": "2.0.2"
        }
      },
      "SimpleInfoName": {
        "type": "Transitive",
        "resolved": "3.1.2",
        "contentHash": "/OoEZQxSW6DeTJ9nfrg8BLCOCWpxBiWHV4NkG3t+Xpe8tvzm7yCwKwxkhpauMl3fg9OjlIjJMKX61H6VavLkrw=="
      },
      "TUnit.Assertions": {
        "type": "Transitive",
        "resolved": "1.6.20",
        "contentHash": "TfkuZADV2LbIWXRabCtA+TNIe5UIXXFCOsqrDzYv1hVqMu1mhBlFt0ZaFvR3DLVQqiO9WzgRc6AUZxEP+186xQ=="
      },
      "TUnit.Core": {
        "type": "Transitive",
        "resolved": "1.6.20",
        "contentHash": "VBzU3a4gfIRQNZocgWuvr9NG6zaw2JZ+Y3v2AzELs5Fv3H3E8qK3be5qQlfRT8ELX0ncwO+NNeMtRyuzgxj/Rg=="
      },
      "TUnit.Engine": {
        "type": "Transitive",
        "resolved": "1.6.20",
        "contentHash": "qBZWMmrdHFyxoyst5Ci5bb6H9XZe/eiz4HV9JxRyeitWpSsCXdrrjdT7htlRygtBwOfEOvhZw3wudZdZpiWEww==",
        "dependencies": {
          "EnumerableAsyncProcessor": "3.8.4",
          "Microsoft.Testing.Extensions.TrxReport.Abstractions": "2.0.2",
          "Microsoft.Testing.Platform": "2.0.2",
          "Microsoft.Testing.Platform.MSBuild": "2.0.2",
          "TUnit.Core": "1.6.20"
        }
      },
      "Verify": {
        "type": "Transitive",
        "resolved": "31.9.0",
        "contentHash": "iElfPuZoLorV76tTX3W+JlFBq1U4Hc/LOrGFrj0/m9MvtFoQkE9FFkFN28ckVJJVVutBotzCebYZV/iaSAB3Jw==",
        "dependencies": {
          "Argon": "0.33.0",
          "DiffEngine": "18.0.0",
          "SimpleInfoName": "3.1.2"
        }
      },
      "buildergenerator": {
        "type": "Project",
        "dependencies": {
          "Microsoft.Bcl.HashCode": "[6.0.0, )"
        }
      },
      "Microsoft.Bcl.HashCode": {
        "type": "CentralTransitive",
        "requested": "[6.0.0, )",
        "resolved": "6.0.0",
        "contentHash": "GI4jcoi6eC9ZhNOQylIBaWOQjyGaR8T6N3tC1u8p3EXfndLCVNNWa+Zp+ocjvvS3kNBN09Zma2HXL0ezO0dRfw=="
      }
    },
    "net10.0/linux-x64": {
      "Microsoft.Testing.Extensions.CodeCoverage": {
        "type": "Direct",
        "requested": "[18.1.0, )",
        "resolved": "18.1.0",
        "contentHash": "FJUCocHSPSjbeoGE/OojOhVUXwDng3VdNlwqzif9hMS2eFcG0f8RdjLM537aBsjP7zLHvGnWXbnUnc61v/EFCA==",
        "dependencies": {
          "Microsoft.DiaSymReader": "2.0.0",
          "Microsoft.Extensions.DependencyModel": "6.0.2",
          "Microsoft.Testing.Platform": "2.0.0"
        }
      }
    },
    "net10.0/win-x64": {
      "Microsoft.Testing.Extensions.CodeCoverage": {
        "type": "Direct",
        "requested": "[18.1.0, )",
        "resolved": "18.1.0",
        "contentHash": "FJUCocHSPSjbeoGE/OojOhVUXwDng3VdNlwqzif9hMS2eFcG0f8RdjLM537aBsjP7zLHvGnWXbnUnc61v/EFCA==",
        "dependencies": {
          "Microsoft.DiaSymReader": "2.0.0",
          "Microsoft.Extensions.DependencyModel": "6.0.2",
          "Microsoft.Testing.Platform": "2.0.0"
        }
      }
    }
  }
}